{
  "version": 4,
  "terraform_version": "1.3.3",
  "serial": 6,
  "lineage": "869266e0-e7a9-4014-b3ec-7e88acaf07ff",
  "outputs": {
    "vpc_id": {
      "value": "394686a4-597c-443d-8fb5-4c56f6529729",
      "type": "string"
    }
  },
  "resources": [
    {
      "mode": "managed",
      "type": "digitalocean_vpc",
      "name": "test-vpc",
      "provider": "provider[\"registry.terraform.io/digitalocean/digitalocean\"]",
      "instances": [
        {
          "schema_version": 0,
          "attributes": {
            "created_at": "2022-11-25 17:36:11 +0000 UTC",
            "default": false,
            "description": "",
            "id": "394686a4-597c-443d-8fb5-4c56f6529729",
            "ip_range": "10.110.16.0/20",
            "name": "test-vpc3",
            "region": "ams3",
            "timeouts": null,
            "urn": "do:vpc:394686a4-597c-443d-8fb5-4c56f6529729"
          },
          "sensitive_attributes": [],
          "private": "eyJlMmJmYjczMC1lY2FhLTExZTYtOGY4OC0zNDM2M2JjN2M0YzAiOnsiZGVsZXRlIjoxMjAwMDAwMDAwMDB9fQ=="
        }
      ]
    }
  ],
  "check_results": []
}
