{
  "version": 4,
  "terraform_version": "1.3.3",
  "serial": 19,
  "lineage": "4ae71c81-473b-7d6b-a582-259fbd96b6f6",
  "outputs": {},
  "resources": [
    {
      "mode": "managed",
      "type": "digitalocean_droplet",
      "name": "kafka",
      "provider": "provider[\"registry.terraform.io/digitalocean/digitalocean\"]",
      "instances": [
        {
          "index_key": 0,
          "schema_version": 1,
          "attributes": {
            "backups": false,
            "created_at": "2022-11-26T09:28:36Z",
            "disk": 60,
            "droplet_agent": null,
            "graceful_shutdown": false,
            "id": "328379139",
            "image": "ubuntu-22-10-x64",
            "ipv4_address": "134.209.83.93",
            "ipv4_address_private": "10.110.16.7",
            "ipv6": false,
            "ipv6_address": "",
            "locked": false,
            "memory": 2048,
            "monitoring": false,
            "name": "kafka-ams3-test-0",
            "price_hourly": 0.02679,
            "price_monthly": 18,
            "private_networking": true,
            "region": "ams3",
            "resize_disk": true,
            "size": "s-2vcpu-2gb",
            "ssh_keys": [
              "49:a2:7e:c5:47:f8:a6:41:5d:e4:3c:7a:5a:90:fb:40"
            ],
            "status": "active",
            "tags": null,
            "timeouts": null,
            "urn": "do:droplet:328379139",
            "user_data": null,
            "vcpus": 2,
            "volume_ids": [],
            "vpc_uuid": "394686a4-597c-443d-8fb5-4c56f6529729"
          },
          "sensitive_attributes": [],
          "private": "eyJlMmJmYjczMC1lY2FhLTExZTYtOGY4OC0zNDM2M2JjN2M0YzAiOnsiY3JlYXRlIjozNjAwMDAwMDAwMDAwLCJkZWxldGUiOjYwMDAwMDAwMDAwLCJ1cGRhdGUiOjM2MDAwMDAwMDAwMDB9LCJzY2hlbWFfdmVyc2lvbiI6IjEifQ=="
        },
        {
          "index_key": 1,
          "schema_version": 1,
          "attributes": {
            "backups": false,
            "created_at": "2022-11-26T09:28:36Z",
            "disk": 60,
            "droplet_agent": null,
            "graceful_shutdown": false,
            "id": "328379138",
            "image": "ubuntu-22-10-x64",
            "ipv4_address": "128.199.32.34",
            "ipv4_address_private": "10.110.16.5",
            "ipv6": false,
            "ipv6_address": "",
            "locked": false,
            "memory": 2048,
            "monitoring": false,
            "name": "kafka-ams3-test-1",
            "price_hourly": 0.02679,
            "price_monthly": 18,
            "private_networking": true,
            "region": "ams3",
            "resize_disk": true,
            "size": "s-2vcpu-2gb",
            "ssh_keys": [
              "49:a2:7e:c5:47:f8:a6:41:5d:e4:3c:7a:5a:90:fb:40"
            ],
            "status": "active",
            "tags": null,
            "timeouts": null,
            "urn": "do:droplet:328379138",
            "user_data": null,
            "vcpus": 2,
            "volume_ids": [],
            "vpc_uuid": "394686a4-597c-443d-8fb5-4c56f6529729"
          },
          "sensitive_attributes": [],
          "private": "eyJlMmJmYjczMC1lY2FhLTExZTYtOGY4OC0zNDM2M2JjN2M0YzAiOnsiY3JlYXRlIjozNjAwMDAwMDAwMDAwLCJkZWxldGUiOjYwMDAwMDAwMDAwLCJ1cGRhdGUiOjM2MDAwMDAwMDAwMDB9LCJzY2hlbWFfdmVyc2lvbiI6IjEifQ=="
        },
        {
          "index_key": 2,
          "schema_version": 1,
          "attributes": {
            "backups": false,
            "created_at": "2022-11-26T09:28:37Z",
            "disk": 60,
            "droplet_agent": null,
            "graceful_shutdown": false,
            "id": "328379142",
            "image": "ubuntu-22-10-x64",
            "ipv4_address": "134.209.93.193",
            "ipv4_address_private": "10.110.16.6",
            "ipv6": false,
            "ipv6_address": "",
            "locked": false,
            "memory": 2048,
            "monitoring": false,
            "name": "kafka-ams3-test-2",
            "price_hourly": 0.02679,
            "price_monthly": 18,
            "private_networking": true,
            "region": "ams3",
            "resize_disk": true,
            "size": "s-2vcpu-2gb",
            "ssh_keys": [
              "49:a2:7e:c5:47:f8:a6:41:5d:e4:3c:7a:5a:90:fb:40"
            ],
            "status": "active",
            "tags": null,
            "timeouts": null,
            "urn": "do:droplet:328379142",
            "user_data": null,
            "vcpus": 2,
            "volume_ids": [],
            "vpc_uuid": "394686a4-597c-443d-8fb5-4c56f6529729"
          },
          "sensitive_attributes": [],
          "private": "eyJlMmJmYjczMC1lY2FhLTExZTYtOGY4OC0zNDM2M2JjN2M0YzAiOnsiY3JlYXRlIjozNjAwMDAwMDAwMDAwLCJkZWxldGUiOjYwMDAwMDAwMDAwLCJ1cGRhdGUiOjM2MDAwMDAwMDAwMDB9LCJzY2hlbWFfdmVyc2lvbiI6IjEifQ=="
        }
      ]
    }
  ],
  "check_results": []
}
